// !$*UTF8*$!
{
	archiveVersion = 1;
	classes = {
	};
	objectVersion = 77;
	objects = {

/* Begin PBXBuildFile section */
		BF5569032F165AFE00259E12 /* Lottie in Frameworks */ = {isa = PBXBuildFile; productRef = BF5569022F165AFE00259E12 /* Lottie */; };
		BF8CBD2B2F041BFB00776451 /* StripePaymentSheet in Frameworks */ = {isa = PBXBuildFile; productRef = BF76E7622F03B4180045AF92 /* StripePaymentSheet */; };
		BF8CBE3E2F04227D00776451 /* FirebaseAI in Frameworks */ = {isa = PBXBuildFile; productRef = BF8CBE3D2F04227D00776451 /* FirebaseAI */; };
		BF8CBE402F04227D00776451 /* FirebaseAILogic in Frameworks */ = {isa = PBXBuildFile; productRef = BF8CBE3F2F04227D00776451 /* FirebaseAILogic */; };
		BF8CBE422F04227D00776451 /* FirebaseAnalytics in Frameworks */ = {isa = PBXBuildFile; productRef = BF8CBE412F04227D00776451 /* FirebaseAnalytics */; };
		BF8CBE442F04227D00776451 /* FirebaseAppCheck in Frameworks */ = {isa = PBXBuildFile; productRef = BF8CBE432F04227D00776451 /* FirebaseAppCheck */; };
		BF8CBE462F04227D00776451 /* FirebaseAppDistribution-Beta in Frameworks */ = {isa = PBXBuildFile; productRef = BF8CBE452F04227D00776451 /* FirebaseAppDistribution-Beta */; };
		BF8CBE482F04227D00776451 /* FirebaseAuth in Frameworks */ = {isa = PBXBuildFile; productRef = BF8CBE472F04227D00776451 /* FirebaseAuth */; };
		BF8CBE4A2F04227D00776451 /* FirebaseAuthCombine-Community in Frameworks */ = {isa = PBXBuildFile; productRef = BF8CBE492F04227D00776451 /* FirebaseAuthCombine-Community */; };
		BF8CBE4C2F04227D00776451 /* FirebaseCore in Frameworks */ = {isa = PBXBuildFile; productRef = BF8CBE4B2F04227D00776451 /* FirebaseCore */; };
		BF8CBE4E2F04227D00776451 /* FirebaseCrashlytics in Frameworks */ = {isa = PBXBuildFile; productRef = BF8CBE4D2F04227D00776451 /* FirebaseCrashlytics */; };
		BF8CBE502F04227D00776451 /* FirebaseDatabase in Frameworks */ = {isa = PBXBuildFile; productRef = BF8CBE4F2F04227D00776451 /* FirebaseDatabase */; };
		BF8CBE522F04227D00776451 /* FirebaseFirestore in Frameworks */ = {isa = PBXBuildFile; productRef = BF8CBE512F04227D00776451 /* FirebaseFirestore */; };
		BF8CBE542F04227D00776451 /* FirebaseFirestoreCombine-Community in Frameworks */ = {isa = PBXBuildFile; productRef = BF8CBE532F04227D00776451 /* FirebaseFirestoreCombine-Community */; };
		BF8CBE562F04227D00776451 /* FirebaseFunctions in Frameworks */ = {isa = PBXBuildFile; productRef = BF8CBE552F04227D00776451 /* FirebaseFunctions */; };
		BF8CBE582F04227D00776451 /* FirebaseFunctionsCombine-Community in Frameworks */ = {isa = PBXBuildFile; productRef = BF8CBE572F04227D00776451 /* FirebaseFunctionsCombine-Community */; };
		BF8CBE5C2F04227D00776451 /* FirebaseInstallations in Frameworks */ = {isa = PBXBuildFile; productRef = BF8CBE5B2F04227D00776451 /* FirebaseInstallations */; };
		BF8CBE5E2F04227D00776451 /* FirebaseMLModelDownloader in Frameworks */ = {isa = PBXBuildFile; productRef = BF8CBE5D2F04227D00776451 /* FirebaseMLModelDownloader */; };
		BF8CBE602F04227D00776451 /* FirebaseMessaging in Frameworks */ = {isa = PBXBuildFile; productRef = BF8CBE5F2F04227D00776451 /* FirebaseMessaging */; };
		BF8CBE622F04227D00776451 /* FirebasePerformance in Frameworks */ = {isa = PBXBuildFile; productRef = BF8CBE612F04227D00776451 /* FirebasePerformance */; };
		BF8CBE642F04227D00776451 /* FirebaseStorage in Frameworks */ = {isa = PBXBuildFile; productRef = BF8CBE632F04227D00776451 /* FirebaseStorage */; };
		BF8CBE662F04227D00776451 /* FirebaseStorageCombine-Community in Frameworks */ = {isa = PBXBuildFile; productRef = BF8CBE652F04227D00776451 /* FirebaseStorageCombine-Community */; };
/* End PBXBuildFile section */

/* Begin PBXContainerItemProxy section */
		BF76DDE32EFAFD400045AF92 /* PBXContainerItemProxy */ = {
			isa = PBXContainerItemProxy;
			containerPortal = BF76DDCD2EFAFD3F0045AF92 /* Project object */;
			proxyType = 1;
			remoteGlobalIDString = BF76DDD42EFAFD3F0045AF92;
			remoteInfo = all;
		};
		BF76DDED2EFAFD400045AF92 /* PBXContainerItemProxy */ = {
			isa = PBXContainerItemProxy;
			containerPortal = BF76DDCD2EFAFD3F0045AF92 /* Project object */;
			proxyType = 1;
			remoteGlobalIDString = BF76DDD42EFAFD3F0045AF92;
			remoteInfo = all;
		};
/* End PBXContainerItemProxy section */

/* Begin PBXFileReference section */
		BF76DDD52EFAFD3F0045AF92 /* all.app */ = {isa = PBXFileReference; explicitFileType = wrapper.application; includeInIndex = 0; path = all.app; sourceTree = BUILT_PRODUCTS_DIR; };
		BF76DDE22EFAFD400045AF92 /* allTests.xctest */ = {isa = PBXFileReference; explicitFileType = wrapper.cfbundle; includeInIndex = 0; path = allTests.xctest; sourceTree = BUILT_PRODUCTS_DIR; };
		BF76DDEC2EFAFD400045AF92 /* allUITests.xctest */ = {isa = PBXFileReference; explicitFileType = wrapper.cfbundle; includeInIndex = 0; path = allUITests.xctest; sourceTree = BUILT_PRODUCTS_DIR; };
/* End PBXFileReference section */

/* Begin PBXFileSystemSynchronizedBuildFileExceptionSet section */
		BF76E31B2EFC23FB0045AF92 /* Exceptions for "all" folder in "all" target */ = {
			isa = PBXFileSystemSynchronizedBuildFileExceptionSet;
			membershipExceptions = (
				Info.plist,
			);
			target = BF76DDD42EFAFD3F0045AF92 /* all */;
		};
/* End PBXFileSystemSynchronizedBuildFileExceptionSet section */

/* Begin PBXFileSystemSynchronizedRootGroup section */
		BF76DDD72EFAFD3F0045AF92 /* all */ = {
			isa = PBXFileSystemSynchronizedRootGroup;
			exceptions = (
				BF76E31B2EFC23FB0045AF92 /* Exceptions for "all" folder in "all" target */,
			);
			path = all;
			sourceTree = "<group>";
		};
		BF76DDE52EFAFD400045AF92 /* allTests */ = {
			isa = PBXFileSystemSynchronizedRootGroup;
			path = allTests;
			sourceTree = "<group>";
		};
		BF76DDEF2EFAFD400045AF92 /* allUITests */ = {
			isa = PBXFileSystemSynchronizedRootGroup;
			path = allUITests;
			sourceTree = "<group>";
		};
/* End PBXFileSystemSynchronizedRootGroup section */

/* Begin PBXFrameworksBuildPhase section */
		BF76DDD22EFAFD3F0045AF92 /* Frameworks */ = {
			isa = PBXFrameworksBuildPhase;
			buildActionMask = 2147483647;
			files = (
				BF8CBE662F04227D00776451 /* FirebaseStorageCombine-Community in Frameworks */,
				BF8CBE542F04227D00776451 /* FirebaseFirestoreCombine-Community in Frameworks */,
				BF8CBE562F04227D00776451 /* FirebaseFunctions in Frameworks */,
				BF8CBE622F04227D00776451 /* FirebasePerformance in Frameworks */,
				BF8CBE402F04227D00776451 /* FirebaseAILogic in Frameworks */,
				BF5569032F165AFE00259E12 /* Lottie in Frameworks */,
				BF8CBD2B2F041BFB00776451 /* StripePaymentSheet in Frameworks */,
				BF8CBE422F04227D00776451 /* FirebaseAnalytics in Frameworks */,
				BF8CBE442F04227D00776451 /* FirebaseAppCheck in Frameworks */,
				BF8CBE3E2F04227D00776451 /* FirebaseAI in Frameworks */,
				BF8CBE522F04227D00776451 /* FirebaseFirestore in Frameworks */,
				BF8CBE602F04227D00776451 /* FirebaseMessaging in Frameworks */,
				BF8CBE5C2F04227D00776451 /* FirebaseInstallations in Frameworks */,
				BF8CBE642F04227D00776451 /* FirebaseStorage in Frameworks */,
				BF8CBE582F04227D00776451 /* FirebaseFunctionsCombine-Community in Frameworks */,
				BF8CBE482F04227D00776451 /* FirebaseAuth in Frameworks */,
				BF8CBE462F04227D00776451 /* FirebaseAppDistribution-Beta in Frameworks */,
				BF8CBE4E2F04227D00776451 /* FirebaseCrashlytics in Frameworks */,
				BF8CBE502F04227D00776451 /* FirebaseDatabase in Frameworks */,
				BF8CBE5E2F04227D00776451 /* FirebaseMLModelDownloader in Frameworks */,
				BF8CBE4C2F04227D00776451 /* FirebaseCore in Frameworks */,
				BF8CBE4A2F04227D00776451 /* FirebaseAuthCombine-Community in Frameworks */,
			);
			runOnlyForDeploymentPostprocessing = 0;
		};
		BF76DDDF2EFAFD400045AF92 /* Frameworks */ = {
			isa = PBXFrameworksBuildPhase;
			buildActionMask = 2147483647;
			files = (
			);
			runOnlyForDeploymentPostprocessing = 0;
		};
		BF76DDE92EFAFD400045AF92 /* Frameworks */ = {
			isa = PBXFrameworksBuildPhase;
			buildActionMask = 2147483647;
			files = (
			);
			runOnlyForDeploymentPostprocessing = 0;
		};
/* End PBXFrameworksBuildPhase section */

/* Begin PBXGroup section */
		BF76DDCC2EFAFD3F0045AF92 = {
			isa = PBXGroup;
			children = (
				BF76DDD72EFAFD3F0045AF92 /* all */,
				BF76DDE52EFAFD400045AF92 /* allTests */,
				BF76DDEF2EFAFD400045AF92 /* allUITests */,
				BF76DDD62EFAFD3F0045AF92 /* Products */,
			);
			sourceTree = "<group>";
		};
		BF76DDD62EFAFD3F0045AF92 /* Products */ = {
			isa = PBXGroup;
			children = (
				BF76DDD52EFAFD3F0045AF92 /* all.app */,
				BF76DDE22EFAFD400045AF92 /* allTests.xctest */,
				BF76DDEC2EFAFD400045AF92 /* allUITests.xctest */,
			);
			name = Products;
			sourceTree = "<group>";
		};
/* End PBXGroup section */

/* Begin PBXNativeTarget section */
		BF76DDD42EFAFD3F0045AF92 /* all */ = {
			isa = PBXNativeTarget;
			buildConfigurationList = BF76DDF62EFAFD400045AF92 /* Build configuration list for PBXNativeTarget "all" */;
			buildPhases = (
				BF76DDD12EFAFD3F0045AF92 /* Sources */,
				BF76DDD22EFAFD3F0045AF92 /* Frameworks */,
				BF76DDD32EFAFD3F0045AF92 /* Resources */,
			);
			buildRules = (
			);
			dependencies = (
			);
			fileSystemSynchronizedGroups = (
				BF76DDD72EFAFD3F0045AF92 /* all */,
			);
			name = all;
			packageProductDependencies = (
				BF76E7622F03B4180045AF92 /* StripePaymentSheet */,
				BF8CBE3D2F04227D00776451 /* FirebaseAI */,
				BF8CBE3F2F04227D00776451 /* FirebaseAILogic */,
				BF8CBE412F04227D00776451 /* FirebaseAnalytics */,
				BF8CBE432F04227D00776451 /* FirebaseAppCheck */,
				BF8CBE452F04227D00776451 /* FirebaseAppDistribution-Beta */,
				BF8CBE472F04227D00776451 /* FirebaseAuth */,
				BF8CBE492F04227D00776451 /* FirebaseAuthCombine-Community */,
				BF8CBE4B2F04227D00776451 /* FirebaseCore */,
				BF8CBE4D2F04227D00776451 /* FirebaseCrashlytics */,
				BF8CBE4F2F04227D00776451 /* FirebaseDatabase */,
				BF8CBE512F04227D00776451 /* FirebaseFirestore */,
				BF8CBE532F04227D00776451 /* FirebaseFirestoreCombine-Community */,
				BF8CBE552F04227D00776451 /* FirebaseFunctions */,
				BF8CBE572F04227D00776451 /* FirebaseFunctionsCombine-Community */,
				BF8CBE5B2F04227D00776451 /* FirebaseInstallations */,
				BF8CBE5D2F04227D00776451 /* FirebaseMLModelDownloader */,
				BF8CBE5F2F04227D00776451 /* FirebaseMessaging */,
				BF8CBE612F04227D00776451 /* FirebasePerformance */,
				BF8CBE632F04227D00776451 /* FirebaseStorage */,
				BF8CBE652F04227D00776451 /* FirebaseStorageCombine-Community */,
				BF5569022F165AFE00259E12 /* Lottie */,
			);
			productName = all;
			productReference = BF76DDD52EFAFD3F0045AF92 /* all.app */;
			productType = "com.apple.product-type.application";
		};
		BF76DDE12EFAFD400045AF92 /* allTests */ = {
			isa = PBXNativeTarget;
			buildConfigurationList = BF76DDF92EFAFD400045AF92 /* Build configuration list for PBXNativeTarget "allTests" */;
			buildPhases = (
				BF76DDDE2EFAFD400045AF92 /* Sources */,
				BF76DDDF2EFAFD400045AF92 /* Frameworks */,
				BF76DDE02EFAFD400045AF92 /* Resources */,
			);
			buildRules = (
			);
			dependencies = (
				BF76DDE42EFAFD400045AF92 /* PBXTargetDependency */,
			);
			fileSystemSynchronizedGroups = (
				BF76DDE52EFAFD400045AF92 /* allTests */,
			);
			name = allTests;
			packageProductDependencies = (
			);
			productName = allTests;
			productReference = BF76DDE22EFAFD400045AF92 /* allTests.xctest */;
			productType = "com.apple.product-type.bundle.unit-test";
		};
		BF76DDEB2EFAFD400045AF92 /* allUITests */ = {
			isa = PBXNativeTarget;
			buildConfigurationList = BF76DDFC2EFAFD400045AF92 /* Build configuration list for PBXNativeTarget "allUITests" */;
			buildPhases = (
				BF76DDE82EFAFD400045AF92 /* Sources */,
				BF76DDE92EFAFD400045AF92 /* Frameworks */,
				BF76DDEA2EFAFD400045AF92 /* Resources */,
			);
			buildRules = (
			);
			dependencies = (
				BF76DDEE2EFAFD400045AF92 /* PBXTargetDependency */,
			);
			fileSystemSynchronizedGroups = (
				BF76DDEF2EFAFD400045AF92 /* allUITests */,
			);
			name = allUITests;
			packageProductDependencies = (
			);
			productName = allUITests;
			productReference = BF76DDEC2EFAFD400045AF92 /* allUITests.xctest */;
			productType = "com.apple.product-type.bundle.ui-testing";
		};
/* End PBXNativeTarget section */

/* Begin PBXProject section */
		BF76DDCD2EFAFD3F0045AF92 /* Project object */ = {
			isa = PBXProject;
			attributes = {
				BuildIndependentTargetsInParallel = 1;
				LastSwiftUpdateCheck = 2620;
				LastUpgradeCheck = 2620;
				TargetAttributes = {
					BF76DDD42EFAFD3F0045AF92 = {
						CreatedOnToolsVersion = 26.2;
					};
					BF76DDE12EFAFD400045AF92 = {
						CreatedOnToolsVersion = 26.2;
						TestTargetID = BF76DDD42EFAFD3F0045AF92;
					};
					BF76DDEB2EFAFD400045AF92 = {
						CreatedOnToolsVersion = 26.2;
						TestTargetID = BF76DDD42EFAFD3F0045AF92;
					};
				};
			};
			buildConfigurationList = BF76DDD02EFAFD3F0045AF92 /* Build configuration list for PBXProject "all" */;
			developmentRegion = en;
			hasScannedForEncodings = 0;
			knownRegions = (
				en,
				Base,
			);
			mainGroup = BF76DDCC2EFAFD3F0045AF92;
			minimizedProjectReferenceProxies = 1;
			packageReferences = (
				BF76E7612F03B4180045AF92 /* XCRemoteSwiftPackageReference "stripe-ios" */,
				BF8CBE3C2F04227D00776451 /* XCRemoteSwiftPackageReference "firebase-ios-sdk" */,
				BF5569012F165AFE00259E12 /* XCRemoteSwiftPackageReference "lottie-ios" */,
			);
			preferredProjectObjectVersion = 77;
			productRefGroup = BF76DDD62EFAFD3F0045AF92 /* Products */;
			projectDirPath = "";
			projectRoot = "";
			targets = (
				BF76DDD42EFAFD3F0045AF92 /* all */,
				BF76DDE12EFAFD400045AF92 /* allTests */,
				BF76DDEB2EFAFD400045AF92 /* allUITests */,
			);
		};
/* End PBXProject section */

/* Begin PBXResourcesBuildPhase section */
		BF76DDD32EFAFD3F0045AF92 /* Resources */ = {
			isa = PBXResourcesBuildPhase;
			buildActionMask = 2147483647;
			files = (
			);
			runOnlyForDeploymentPostprocessing = 0;
		};
		BF76DDE02EFAFD400045AF92 /* Resources */ = {
			isa = PBXResourcesBuildPhase;
			buildActionMask = 2147483647;
			files = (
			);
			runOnlyForDeploymentPostprocessing = 0;
		};
		BF76DDEA2EFAFD400045AF92 /* Resources */ = {
			isa = PBXResourcesBuildPhase;
			buildActionMask = 2147483647;
			files = (
			);
			runOnlyForDeploymentPostprocessing = 0;
		};
/* End PBXResourcesBuildPhase section */

/* Begin PBXSourcesBuildPhase section */
		BF76DDD12EFAFD3F0045AF92 /* Sources */ = {
			isa = PBXSourcesBuildPhase;
			buildActionMask = 2147483647;
			files = (
			);
			runOnlyForDeploymentPostprocessing = 0;
		};
		BF76DDDE2EFAFD400045AF92 /* Sources */ = {
			isa = PBXSourcesBuildPhase;
			buildActionMask = 2147483647;
			files = (
			);
			runOnlyForDeploymentPostprocessing = 0;
		};
		BF76DDE82EFAFD400045AF92 /* Sources */ = {
			isa = PBXSourcesBuildPhase;
			buildActionMask = 2147483647;
			files = (
			);
			runOnlyForDeploymentPostprocessing = 0;
		};
/* End PBXSourcesBuildPhase section */

/* Begin PBXTargetDependency section */
		BF76DDE42EFAFD400045AF92 /* PBXTargetDependency */ = {
			isa = PBXTargetDependency;
			target = BF76DDD42EFAFD3F0045AF92 /* all */;
			targetProxy = BF76DDE32EFAFD400045AF92 /* PBXContainerItemProxy */;
		};
		BF76DDEE2EFAFD400045AF92 /* PBXTargetDependency */ = {
			isa = PBXTargetDependency;
			target = BF76DDD42EFAFD3F0045AF92 /* all */;
			targetProxy = BF76DDED2EFAFD400045AF92 /* PBXContainerItemProxy */;
		};
/* End PBXTargetDependency section */

/* Begin XCBuildConfiguration section */
		BF76DDF42EFAFD400045AF92 /* Debug */ = {
			isa = XCBuildConfiguration;
			buildSettings = {
				ALWAYS_SEARCH_USER_PATHS = NO;
				ASSETCATALOG_COMPILER_GENERATE_SWIFT_ASSET_SYMBOL_EXTENSIONS = YES;
				CLANG_ANALYZER_NONNULL = YES;
				CLANG_ANALYZER_NUMBER_OBJECT_CONVERSION = YES_AGGRESSIVE;
				CLANG_CXX_LANGUAGE_STANDARD = "gnu++20";
				CLANG_ENABLE_MODULES = YES;
				CLANG_ENABLE_OBJC_ARC = YES;
				CLANG_ENABLE_OBJC_WEAK = YES;
				CLANG_WARN_BLOCK_CAPTURE_AUTORELEASING = YES;
				CLANG_WARN_BOOL_CONVERSION = YES;
				CLANG_WARN_COMMA = YES;
				CLANG_WARN_CONSTANT_CONVERSION = YES;
				CLANG_WARN_DEPRECATED_OBJC_IMPLEMENTATIONS = YES;
				CLANG_WARN_DIRECT_OBJC_ISA_USAGE = YES_ERROR;
				CLANG_WARN_DOCUMENTATION_COMMENTS = YES;
				CLANG_WARN_EMPTY_BODY = YES;
				CLANG_WARN_ENUM_CONVERSION = YES;
				CLANG_WARN_INFINITE_RECURSION = YES;
				CLANG_WARN_INT_CONVERSION = YES;
				CLANG_WARN_NON_LITERAL_NULL_CONVERSION = YES;
				CLANG_WARN_OBJC_IMPLICIT_RETAIN_SELF = YES;
				CLANG_WARN_OBJC_LITERAL_CONVERSION = YES;
				CLANG_WARN_OBJC_ROOT_CLASS = YES_ERROR;
				CLANG_WARN_QUOTED_INCLUDE_IN_FRAMEWORK_HEADER = YES;
				CLANG_WARN_RANGE_LOOP_ANALYSIS = YES;
				CLANG_WARN_STRICT_PROTOTYPES = YES;
				CLANG_WARN_SUSPICIOUS_MOVE = YES;
				CLANG_WARN_UNGUARDED_AVAILABILITY = YES_AGGRESSIVE;
				CLANG_WARN_UNREACHABLE_CODE = YES;
				CLANG_WARN__DUPLICATE_METHOD_MATCH = YES;
				COPY_PHASE_STRIP = NO;
				DEBUG_INFORMATION_FORMAT = dwarf;
				DEVELOPMENT_TEAM = FD54KA89U4;
				ENABLE_STRICT_OBJC_MSGSEND = YES;
				ENABLE_TESTABILITY = YES;
				ENABLE_USER_SCRIPT_SANDBOXING = YES;
				GCC_C_LANGUAGE_STANDARD = gnu17;
				GCC_DYNAMIC_NO_PIC = NO;
				GCC_NO_COMMON_BLOCKS = YES;
				GCC_OPTIMIZATION_LEVEL = 0;
				GCC_PREPROCESSOR_DEFINITIONS = (
					"DEBUG=1",
					"$(inherited)",
				);
				GCC_WARN_64_TO_32_BIT_CONVERSION = YES;
				GCC_WARN_ABOUT_RETURN_TYPE = YES_ERROR;
				GCC_WARN_UNDECLARED_SELECTOR = YES;
				GCC_WARN_UNINITIALIZED_AUTOS = YES_AGGRESSIVE;
				GCC_WARN_UNUSED_FUNCTION = YES;
				GCC_WARN_UNUSED_VARIABLE = YES;
				IPHONEOS_DEPLOYMENT_TARGET = 26.2;
				LOCALIZATION_PREFERS_STRING_CATALOGS = YES;
				MTL_ENABLE_DEBUG_INFO = INCLUDE_SOURCE;
				MTL_FAST_MATH = YES;
				ONLY_ACTIVE_ARCH = YES;
				SDKROOT = iphoneos;
				SWIFT_ACTIVE_COMPILATION_CONDITIONS = "DEBUG $(inherited)";
				SWIFT_OPTIMIZATION_LEVEL = "-Onone";
			};
			name = Debug;
		};
		BF76DDF52EFAFD400045AF92 /* Release */ = {
			isa = XCBuildConfiguration;
			buildSettings = {
				ALWAYS_SEARCH_USER_PATHS = NO;
				ASSETCATALOG_COMPILER_GENERATE_SWIFT_ASSET_SYMBOL_EXTENSIONS = YES;
				CLANG_ANALYZER_NONNULL = YES;
				CLANG_ANALYZER_NUMBER_OBJECT_CONVERSION = YES_AGGRESSIVE;
				CLANG_CXX_LANGUAGE_STANDARD = "gnu++20";
				CLANG_ENABLE_MODULES = YES;
				CLANG_ENABLE_OBJC_ARC = YES;
				CLANG_ENABLE_OBJC_WEAK = YES;
				CLANG_WARN_BLOCK_CAPTURE_AUTORELEASING = YES;
				CLANG_WARN_BOOL_CONVERSION = YES;
				CLANG_WARN_COMMA = YES;
				CLANG_WARN_CONSTANT_CONVERSION = YES;
				CLANG_WARN_DEPRECATED_OBJC_IMPLEMENTATIONS = YES;
				CLANG_WARN_DIRECT_OBJC_ISA_USAGE = YES_ERROR;
				CLANG_WARN_DOCUMENTATION_COMMENTS = YES;
				CLANG_WARN_EMPTY_BODY = YES;
				CLANG_WARN_ENUM_CONVERSION = YES;
				CLANG_WARN_INFINITE_RECURSION = YES;
				CLANG_WARN_INT_CONVERSION = YES;
				CLANG_WARN_NON_LITERAL_NULL_CONVERSION = YES;
				CLANG_WARN_OBJC_IMPLICIT_RETAIN_SELF = YES;
				CLANG_WARN_OBJC_LITERAL_CONVERSION = YES;
				CLANG_WARN_OBJC_ROOT_CLASS = YES_ERROR;
				CLANG_WARN_QUOTED_INCLUDE_IN_FRAMEWORK_HEADER = YES;
				CLANG_WARN_RANGE_LOOP_ANALYSIS = YES;
				CLANG_WARN_STRICT_PROTOTYPES = YES;
				CLANG_WARN_SUSPICIOUS_MOVE = YES;
				CLANG_WARN_UNGUARDED_AVAILABILITY = YES_AGGRESSIVE;
				CLANG_WARN_UNREACHABLE_CODE = YES;
				CLANG_WARN__DUPLICATE_METHOD_MATCH = YES;
				COPY_PHASE_STRIP = NO;
				DEBUG_INFORMATION_FORMAT = "dwarf-with-dsym";
				DEVELOPMENT_TEAM = FD54KA89U4;
				ENABLE_NS_ASSERTIONS = NO;
				ENABLE_STRICT_OBJC_MSGSEND = YES;
				ENABLE_USER_SCRIPT_SANDBOXING = YES;
				GCC_C_LANGUAGE_STANDARD = gnu17;
				GCC_NO_COMMON_BLOCKS = YES;
				GCC_WARN_64_TO_32_BIT_CONVERSION = YES;
				GCC_WARN_ABOUT_RETURN_TYPE = YES_ERROR;
				GCC_WARN_UNDECLARED_SELECTOR = YES;
				GCC_WARN_UNINITIALIZED_AUTOS = YES_AGGRESSIVE;
				GCC_WARN_UNUSED_FUNCTION = YES;
				GCC_WARN_UNUSED_VARIABLE = YES;
				IPHONEOS_DEPLOYMENT_TARGET = 26.2;
				LOCALIZATION_PREFERS_STRING_CATALOGS = YES;
				MTL_ENABLE_DEBUG_INFO = NO;
				MTL_FAST_MATH = YES;
				SDKROOT = iphoneos;
				SWIFT_COMPILATION_MODE = wholemodule;
				VALIDATE_PRODUCT = YES;
			};
			name = Release;
		};
		BF76DDF72EFAFD400045AF92 /* Debug */ = {
			isa = XCBuildConfiguration;
			buildSettings = {
				ASSETCATALOG_COMPILER_APPICON_NAME = AppIcon;
				ASSETCATALOG_COMPILER_GLOBAL_ACCENT_COLOR_NAME = AccentColor;
				ASSETCATALOG_COMPILER_INCLUDE_ALL_APPICON_ASSETS = YES;
				CODE_SIGN_ENTITLEMENTS = all/all.entitlements;
				CODE_SIGN_STYLE = Automatic;
				CURRENT_PROJECT_VERSION = 2;
				DEVELOPMENT_TEAM = FD54KA89U4;
				ENABLE_PREVIEWS = YES;
				GENERATE_INFOPLIST_FILE = YES;
				INFOPLIST_FILE = all/Info.plist;
				INFOPLIST_KEY_CFBundleDisplayName = "All In Connect";
				INFOPLIST_KEY_CFBundleIconName = AppIcon;
				INFOPLIST_KEY_NSCameraUsageDescription = "Cette application a besoin d'accéder à votre caméra pour vous permettre de prendre des photos pour vos offres et votre établissement.";
				INFOPLIST_KEY_NSLocationWhenInUseUsageDescription = "All In Connect a besoin de votre localisation pour vous proposer les offres et partenaires les plus proches de vous.";
				INFOPLIST_KEY_NSPhotoLibraryUsageDescription = "Cette application a besoin d'accéder à votre bibliothèque photo pour vous permettre de sélectionner des images pour vos offres et votre établissement.";
				INFOPLIST_KEY_UIApplicationSceneManifest_Generation = YES;
				INFOPLIST_KEY_UIApplicationSupportsIndirectInputEvents = YES;
				INFOPLIST_KEY_UILaunchScreen_Generation = YES;
				INFOPLIST_KEY_UISupportedInterfaceOrientations_iPad = "UIInterfaceOrientationPortrait UIInterfaceOrientationPortraitUpsideDown UIInterfaceOrientationLandscapeLeft UIInterfaceOrientationLandscapeRight";
				INFOPLIST_KEY_UISupportedInterfaceOrientations_iPhone = "UIInterfaceOrientationPortrait UIInterfaceOrientationLandscapeLeft UIInterfaceOrientationLandscapeRight";
				IPHONEOS_DEPLOYMENT_TARGET = 17.6;
				LD_RUNPATH_SEARCH_PATHS = (
					"$(inherited)",
					"@executable_path/Frameworks",
				);
				MARKETING_VERSION = 1.0;
				PRODUCT_BUNDLE_IDENTIFIER = com.allinconnect.all;
				PRODUCT_NAME = "$(TARGET_NAME)";
				STRING_CATALOG_GENERATE_SYMBOLS = YES;
				SWIFT_APPROACHABLE_CONCURRENCY = YES;
				SWIFT_DEFAULT_ACTOR_ISOLATION = MainActor;
				SWIFT_EMIT_LOC_STRINGS = YES;
				SWIFT_UPCOMING_FEATURE_MEMBER_IMPORT_VISIBILITY = YES;
				SWIFT_VERSION = 5.0;
				TARGETED_DEVICE_FAMILY = "1,2";
			};
			name = Debug;
		};
		BF76DDF82EFAFD400045AF92 /* Release */ = {
			isa = XCBuildConfiguration;
			buildSettings = {
				ASSETCATALOG_COMPILER_APPICON_NAME = AppIcon;
				ASSETCATALOG_COMPILER_GLOBAL_ACCENT_COLOR_NAME = AccentColor;
				ASSETCATALOG_COMPILER_INCLUDE_ALL_APPICON_ASSETS = YES;
				CODE_SIGN_ENTITLEMENTS = all/all.entitlements;
				CODE_SIGN_STYLE = Automatic;
				CURRENT_PROJECT_VERSION = 2;
				DEVELOPMENT_TEAM = FD54KA89U4;
				ENABLE_PREVIEWS = YES;
				GENERATE_INFOPLIST_FILE = YES;
				INFOPLIST_FILE = all/Info.plist;
				INFOPLIST_KEY_CFBundleDisplayName = "All In Connect";
				INFOPLIST_KEY_CFBundleIconName = AppIcon;
				INFOPLIST_KEY_NSCameraUsageDescription = "Cette application a besoin d'accéder à votre caméra pour vous permettre de prendre des photos pour vos offres et votre établissement.";
				INFOPLIST_KEY_NSLocationWhenInUseUsageDescription = "All In Connect a besoin de votre localisation pour vous proposer les offres et partenaires les plus proches de vous.";
				INFOPLIST_KEY_NSPhotoLibraryUsageDescription = "Cette application a besoin d'accéder à votre bibliothèque photo pour vous permettre de sélectionner des images pour vos offres et votre établissement.";
				INFOPLIST_KEY_UIApplicationSceneManifest_Generation = YES;
				INFOPLIST_KEY_UIApplicationSupportsIndirectInputEvents = YES;
				INFOPLIST_KEY_UILaunchScreen_Generation = YES;
				INFOPLIST_KEY_UISupportedInterfaceOrientations_iPad = "UIInterfaceOrientationPortrait UIInterfaceOrientationPortraitUpsideDown UIInterfaceOrientationLandscapeLeft UIInterfaceOrientationLandscapeRight";
				INFOPLIST_KEY_UISupportedInterfaceOrientations_iPhone = "UIInterfaceOrientationPortrait UIInterfaceOrientationLandscapeLeft UIInterfaceOrientationLandscapeRight";
				IPHONEOS_DEPLOYMENT_TARGET = 17.6;
				LD_RUNPATH_SEARCH_PATHS = (
					"$(inherited)",
					"@executable_path/Frameworks",
				);
				MARKETING_VERSION = 1.0;
				PRODUCT_BUNDLE_IDENTIFIER = com.allinconnect.all;
				PRODUCT_NAME = "$(TARGET_NAME)";
				STRING_CATALOG_GENERATE_SYMBOLS = YES;
				SWIFT_APPROACHABLE_CONCURRENCY = YES;
				SWIFT_DEFAULT_ACTOR_ISOLATION = MainActor;
				SWIFT_EMIT_LOC_STRINGS = YES;
				SWIFT_UPCOMING_FEATURE_MEMBER_IMPORT_VISIBILITY = YES;
				SWIFT_VERSION = 5.0;
				TARGETED_DEVICE_FAMILY = "1,2";
			};
			name = Release;
		};
		BF76DDFA2EFAFD400045AF92 /* Debug */ = {
			isa = XCBuildConfiguration;
			buildSettings = {
				BUNDLE_LOADER = "$(TEST_HOST)";
				CODE_SIGN_STYLE = Automatic;
				CURRENT_PROJECT_VERSION = 2;
				DEVELOPMENT_TEAM = FD54KA89U4;
				GENERATE_INFOPLIST_FILE = YES;
				IPHONEOS_DEPLOYMENT_TARGET = 26.2;
				MARKETING_VERSION = 1.0;
				PRODUCT_BUNDLE_IDENTIFIER = com.allinconnect.allTests;
				PRODUCT_NAME = "$(TARGET_NAME)";
				STRING_CATALOG_GENERATE_SYMBOLS = NO;
				SWIFT_APPROACHABLE_CONCURRENCY = YES;
				SWIFT_EMIT_LOC_STRINGS = NO;
				SWIFT_UPCOMING_FEATURE_MEMBER_IMPORT_VISIBILITY = YES;
				SWIFT_VERSION = 5.0;
				TARGETED_DEVICE_FAMILY = "1,2";
				TEST_HOST = "$(BUILT_PRODUCTS_DIR)/all.app/$(BUNDLE_EXECUTABLE_FOLDER_PATH)/all";
			};
			name = Debug;
		};
		BF76DDFB2EFAFD400045AF92 /* Release */ = {
			isa = XCBuildConfiguration;
			buildSettings = {
				BUNDLE_LOADER = "$(TEST_HOST)";
				CODE_SIGN_STYLE = Automatic;
				CURRENT_PROJECT_VERSION = 2;
				DEVELOPMENT_TEAM = FD54KA89U4;
				GENERATE_INFOPLIST_FILE = YES;
				IPHONEOS_DEPLOYMENT_TARGET = 26.2;
				MARKETING_VERSION = 1.0;
				PRODUCT_BUNDLE_IDENTIFIER = com.allinconnect.allTests;
				PRODUCT_NAME = "$(TARGET_NAME)";
				STRING_CATALOG_GENERATE_SYMBOLS = NO;
				SWIFT_APPROACHABLE_CONCURRENCY = YES;
				SWIFT_EMIT_LOC_STRINGS = NO;
				SWIFT_UPCOMING_FEATURE_MEMBER_IMPORT_VISIBILITY = YES;
				SWIFT_VERSION = 5.0;
				TARGETED_DEVICE_FAMILY = "1,2";
				TEST_HOST = "$(BUILT_PRODUCTS_DIR)/all.app/$(BUNDLE_EXECUTABLE_FOLDER_PATH)/all";
			};
			name = Release;
		};
		BF76DDFD2EFAFD400045AF92 /* Debug */ = {
			isa = XCBuildConfiguration;
			buildSettings = {
				CODE_SIGN_STYLE = Automatic;
				CURRENT_PROJECT_VERSION = 2;
				DEVELOPMENT_TEAM = FD54KA89U4;
				GENERATE_INFOPLIST_FILE = YES;
				MARKETING_VERSION = 1.0;
				PRODUCT_BUNDLE_IDENTIFIER = com.allinconnect.allUITests;
				PRODUCT_NAME = "$(TARGET_NAME)";
				STRING_CATALOG_GENERATE_SYMBOLS = NO;
				SWIFT_APPROACHABLE_CONCURRENCY = YES;
				SWIFT_EMIT_LOC_STRINGS = NO;
				SWIFT_UPCOMING_FEATURE_MEMBER_IMPORT_VISIBILITY = YES;
				SWIFT_VERSION = 5.0;
				TARGETED_DEVICE_FAMILY = "1,2";
				TEST_TARGET_NAME = all;
			};
			name = Debug;
		};
		BF76DDFE2EFAFD400045AF92 /* Release */ = {
			isa = XCBuildConfiguration;
			buildSettings = {
				CODE_SIGN_STYLE = Automatic;
				CURRENT_PROJECT_VERSION = 2;
				DEVELOPMENT_TEAM = FD54KA89U4;
				GENERATE_INFOPLIST_FILE = YES;
				MARKETING_VERSION = 1.0;
				PRODUCT_BUNDLE_IDENTIFIER = com.allinconnect.allUITests;
				PRODUCT_NAME = "$(TARGET_NAME)";
				STRING_CATALOG_GENERATE_SYMBOLS = NO;
				SWIFT_APPROACHABLE_CONCURRENCY = YES;
				SWIFT_EMIT_LOC_STRINGS = NO;
				SWIFT_UPCOMING_FEATURE_MEMBER_IMPORT_VISIBILITY = YES;
				SWIFT_VERSION = 5.0;
				TARGETED_DEVICE_FAMILY = "1,2";
				TEST_TARGET_NAME = all;
			};
			name = Release;
		};
/* End XCBuildConfiguration section */

/* Begin XCConfigurationList section */
		BF76DDD02EFAFD3F0045AF92 /* Build configuration list for PBXProject "all" */ = {
			isa = XCConfigurationList;
			buildConfigurations = (
				BF76DDF42EFAFD400045AF92 /* Debug */,
				BF76DDF52EFAFD400045AF92 /* Release */,
			);
			defaultConfigurationIsVisible = 0;
			defaultConfigurationName = Release;
		};
		BF76DDF62EFAFD400045AF92 /* Build configuration list for PBXNativeTarget "all" */ = {
			isa = XCConfigurationList;
			buildConfigurations = (
				BF76DDF72EFAFD400045AF92 /* Debug */,
				BF76DDF82EFAFD400045AF92 /* Release */,
			);
			defaultConfigurationIsVisible = 0;
			defaultConfigurationName = Release;
		};
		BF76DDF92EFAFD400045AF92 /* Build configuration list for PBXNativeTarget "allTests" */ = {
			isa = XCConfigurationList;
			buildConfigurations = (
				BF76DDFA2EFAFD400045AF92 /* Debug */,
				BF76DDFB2EFAFD400045AF92 /* Release */,
			);
			defaultConfigurationIsVisible = 0;
			defaultConfigurationName = Release;
		};
		BF76DDFC2EFAFD400045AF92 /* Build configuration list for PBXNativeTarget "allUITests" */ = {
			isa = XCConfigurationList;
			buildConfigurations = (
				BF76DDFD2EFAFD400045AF92 /* Debug */,
				BF76DDFE2EFAFD400045AF92 /* Release */,
			);
			defaultConfigurationIsVisible = 0;
			defaultConfigurationName = Release;
		};
/* End XCConfigurationList section */

/* Begin XCRemoteSwiftPackageReference section */
		BF5569012F165AFE00259E12 /* XCRemoteSwiftPackageReference "lottie-ios" */ = {
			isa = XCRemoteSwiftPackageReference;
			repositoryURL = "https://github.com/airbnb/lottie-ios";
			requirement = {
				kind = upToNextMajorVersion;
				minimumVersion = 4.6.0;
			};
		};
		BF76E7612F03B4180045AF92 /* XCRemoteSwiftPackageReference "stripe-ios" */ = {
			isa = XCRemoteSwiftPackageReference;
			repositoryURL = "https://github.com/stripe/stripe-ios";
			requirement = {
				kind = upToNextMajorVersion;
				minimumVersion = 25.3.1;
			};
		};
		BF8CBE3C2F04227D00776451 /* XCRemoteSwiftPackageReference "firebase-ios-sdk" */ = {
			isa = XCRemoteSwiftPackageReference;
			repositoryURL = "https://github.com/firebase/firebase-ios-sdk";
			requirement = {
				kind = upToNextMajorVersion;
				minimumVersion = 12.7.0;
			};
		};
/* End XCRemoteSwiftPackageReference section */

/* Begin XCSwiftPackageProductDependency section */
		BF5569022F165AFE00259E12 /* Lottie */ = {
			isa = XCSwiftPackageProductDependency;
			package = BF5569012F165AFE00259E12 /* XCRemoteSwiftPackageReference "lottie-ios" */;
			productName = Lottie;
		};
		BF76E7622F03B4180045AF92 /* StripePaymentSheet */ = {
			isa = XCSwiftPackageProductDependency;
			package = BF76E7612F03B4180045AF92 /* XCRemoteSwiftPackageReference "stripe-ios" */;
			productName = StripePaymentSheet;
		};
		BF8CBE3D2F04227D00776451 /* FirebaseAI */ = {
			isa = XCSwiftPackageProductDependency;
			package = BF8CBE3C2F04227D00776451 /* XCRemoteSwiftPackageReference "firebase-ios-sdk" */;
			productName = FirebaseAI;
		};
		BF8CBE3F2F04227D00776451 /* FirebaseAILogic */ = {
			isa = XCSwiftPackageProductDependency;
			package = BF8CBE3C2F04227D00776451 /* XCRemoteSwiftPackageReference "firebase-ios-sdk" */;
			productName = FirebaseAILogic;
		};
		BF8CBE412F04227D00776451 /* FirebaseAnalytics */ = {
			isa = XCSwiftPackageProductDependency;
			package = BF8CBE3C2F04227D00776451 /* XCRemoteSwiftPackageReference "firebase-ios-sdk" */;
			productName = FirebaseAnalytics;
		};
		BF8CBE432F04227D00776451 /* FirebaseAppCheck */ = {
			isa = XCSwiftPackageProductDependency;
			package = BF8CBE3C2F04227D00776451 /* XCRemoteSwiftPackageReference "firebase-ios-sdk" */;
			productName = FirebaseAppCheck;
		};
		BF8CBE452F04227D00776451 /* FirebaseAppDistribution-Beta */ = {
			isa = XCSwiftPackageProductDependency;
			package = BF8CBE3C2F04227D00776451 /* XCRemoteSwiftPackageReference "firebase-ios-sdk" */;
			productName = "FirebaseAppDistribution-Beta";
		};
		BF8CBE472F04227D00776451 /* FirebaseAuth */ = {
			isa = XCSwiftPackageProductDependency;
			package = BF8CBE3C2F04227D00776451 /* XCRemoteSwiftPackageReference "firebase-ios-sdk" */;
			productName = FirebaseAuth;
		};
		BF8CBE492F04227D00776451 /* FirebaseAuthCombine-Community */ = {
			isa = XCSwiftPackageProductDependency;
			package = BF8CBE3C2F04227D00776451 /* XCRemoteSwiftPackageReference "firebase-ios-sdk" */;
			productName = "FirebaseAuthCombine-Community";
		};
		BF8CBE4B2F04227D00776451 /* FirebaseCore */ = {
			isa = XCSwiftPackageProductDependency;
			package = BF8CBE3C2F04227D00776451 /* XCRemoteSwiftPackageReference "firebase-ios-sdk" */;
			productName = FirebaseCore;
		};
		BF8CBE4D2F04227D00776451 /* FirebaseCrashlytics */ = {
			isa = XCSwiftPackageProductDependency;
			package = BF8CBE3C2F04227D00776451 /* XCRemoteSwiftPackageReference "firebase-ios-sdk" */;
			productName = FirebaseCrashlytics;
		};
		BF8CBE4F2F04227D00776451 /* FirebaseDatabase */ = {
			isa = XCSwiftPackageProductDependency;
			package = BF8CBE3C2F04227D00776451 /* XCRemoteSwiftPackageReference "firebase-ios-sdk" */;
			productName = FirebaseDatabase;
		};
		BF8CBE512F04227D00776451 /* FirebaseFirestore */ = {
			isa = XCSwiftPackageProductDependency;
			package = BF8CBE3C2F04227D00776451 /* XCRemoteSwiftPackageReference "firebase-ios-sdk" */;
			productName = FirebaseFirestore;
		};
		BF8CBE532F04227D00776451 /* FirebaseFirestoreCombine-Community */ = {
			isa = XCSwiftPackageProductDependency;
			package = BF8CBE3C2F04227D00776451 /* XCRemoteSwiftPackageReference "firebase-ios-sdk" */;
			productName = "FirebaseFirestoreCombine-Community";
		};
		BF8CBE552F04227D00776451 /* FirebaseFunctions */ = {
			isa = XCSwiftPackageProductDependency;
			package = BF8CBE3C2F04227D00776451 /* XCRemoteSwiftPackageReference "firebase-ios-sdk" */;
			productName = FirebaseFunctions;
		};
		BF8CBE572F04227D00776451 /* FirebaseFunctionsCombine-Community */ = {
			isa = XCSwiftPackageProductDependency;
			package = BF8CBE3C2F04227D00776451 /* XCRemoteSwiftPackageReference "firebase-ios-sdk" */;
			productName = "FirebaseFunctionsCombine-Community";
		};
		BF8CBE5B2F04227D00776451 /* FirebaseInstallations */ = {
			isa = XCSwiftPackageProductDependency;
			package = BF8CBE3C2F04227D00776451 /* XCRemoteSwiftPackageReference "firebase-ios-sdk" */;
			productName = FirebaseInstallations;
		};
		BF8CBE5D2F04227D00776451 /* FirebaseMLModelDownloader */ = {
			isa = XCSwiftPackageProductDependency;
			package = BF8CBE3C2F04227D00776451 /* XCRemoteSwiftPackageReference "firebase-ios-sdk" */;
			productName = FirebaseMLModelDownloader;
		};
		BF8CBE5F2F04227D00776451 /* FirebaseMessaging */ = {
			isa = XCSwiftPackageProductDependency;
			package = BF8CBE3C2F04227D00776451 /* XCRemoteSwiftPackageReference "firebase-ios-sdk" */;
			productName = FirebaseMessaging;
		};
		BF8CBE612F04227D00776451 /* FirebasePerformance */ = {
			isa = XCSwiftPackageProductDependency;
			package = BF8CBE3C2F04227D00776451 /* XCRemoteSwiftPackageReference "firebase-ios-sdk" */;
			productName = FirebasePerformance;
		};
		BF8CBE632F04227D00776451 /* FirebaseStorage */ = {
			isa = XCSwiftPackageProductDependency;
			package = BF8CBE3C2F04227D00776451 /* XCRemoteSwiftPackageReference "firebase-ios-sdk" */;
			productName = FirebaseStorage;
		};
		BF8CBE652F04227D00776451 /* FirebaseStorageCombine-Community */ = {
			isa = XCSwiftPackageProductDependency;
			package = BF8CBE3C2F04227D00776451 /* XCRemoteSwiftPackageReference "firebase-ios-sdk" */;
			productName = "FirebaseStorageCombine-Community";
		};
/* End XCSwiftPackageProductDependency section */
	};
	rootObject = BF76DDCD2EFAFD3F0045AF92 /* Project object */;
}
